// !$*UTF8*$!
{
	archiveVersion = 1;
	classes = {
	};
	objectVersion = 46;
	objects = {

/* Begin PBXBuildFile section */
		F027BC47191CA71600254FD4 /* HomeViewController.m in Sources */ = {isa = PBXBuildFile; fileRef = F027BC46191CA71600254FD4 /* HomeViewController.m */; };
		F027BC8E1920CA5500254FD4 /* PlusViewController.m in Sources */ = {isa = PBXBuildFile; fileRef = F027BC8D1920CA5500254FD4 /* PlusViewController.m */; };
		F027BC911920CF2000254FD4 /* PlusView.m in Sources */ = {isa = PBXBuildFile; fileRef = F027BC901920CF2000254FD4 /* PlusView.m */; };
		F027BC941921B0BC00254FD4 /* PlusButton.m in Sources */ = {isa = PBXBuildFile; fileRef = F027BC931921B0BC00254FD4 /* PlusButton.m */; };
		F027BC991922151700254FD4 /* uv_createnav_camera@2x.png in Resources */ = {isa = PBXBuildFile; fileRef = F027BC961922151700254FD4 /* uv_createnav_camera@2x.png */; };
		F027BC9A1922151700254FD4 /* uv_createnav_drafts@2x.png in Resources */ = {isa = PBXBuildFile; fileRef = F027BC971922151700254FD4 /* uv_createnav_drafts@2x.png */; };
		F027BC9B1922151700254FD4 /* uv_createnav_import@2x.png in Resources */ = {isa = PBXBuildFile; fileRef = F027BC981922151700254FD4 /* uv_createnav_import@2x.png */; };
		F027BCA01923205600254FD4 /* uv_glyph_feed_logo_minimal@2x.png in Resources */ = {isa = PBXBuildFile; fileRef = F027BC9D1923205600254FD4 /* uv_glyph_feed_logo_minimal@2x.png */; };
		F027BCA11923205600254FD4 /* uv_logo@2x.png in Resources */ = {isa = PBXBuildFile; fileRef = F027BC9E1923205600254FD4 /* uv_logo@2x.png */; };
		F027BCA21923205600254FD4 /* uv_menu_feed@2x.png in Resources */ = {isa = PBXBuildFile; fileRef = F027BC9F1923205600254FD4 /* uv_menu_feed@2x.png */; };
		F09581EB191617C0009E2742 /* Foundation.framework in Frameworks */ = {isa = PBXBuildFile; fileRef = F09581EA191617C0009E2742 /* Foundation.framework */; };
		F09581ED191617C0009E2742 /* CoreGraphics.framework in Frameworks */ = {isa = PBXBuildFile; fileRef = F09581EC191617C0009E2742 /* CoreGraphics.framework */; };
		F09581EF191617C0009E2742 /* UIKit.framework in Frameworks */ = {isa = PBXBuildFile; fileRef = F09581EE191617C0009E2742 /* UIKit.framework */; };
		F09581F5191617C0009E2742 /* InfoPlist.strings in Resources */ = {isa = PBXBuildFile; fileRef = F09581F3191617C0009E2742 /* InfoPlist.strings */; };
		F09581F7191617C0009E2742 /* main.m in Sources */ = {isa = PBXBuildFile; fileRef = F09581F6191617C0009E2742 /* main.m */; };
		F09581FB191617C0009E2742 /* AppDelegate.m in Sources */ = {isa = PBXBuildFile; fileRef = F09581FA191617C0009E2742 /* AppDelegate.m */; };
		F09582EB1918B843009E2742 /* MainViewController.m in Sources */ = {isa = PBXBuildFile; fileRef = F09582EA1918B843009E2742 /* MainViewController.m */; };
		F095830C1918BCDF009E2742 /* TabbarView.m in Sources */ = {isa = PBXBuildFile; fileRef = F095830B1918BCDF009E2742 /* TabbarView.m */; };
		F09583341918D291009E2742 /* uv_tab_create@2x.png in Resources */ = {isa = PBXBuildFile; fileRef = F09583201918D291009E2742 /* uv_tab_create@2x.png */; };
		F09583351918D291009E2742 /* uv_tab_explore@2x.png in Resources */ = {isa = PBXBuildFile; fileRef = F09583211918D291009E2742 /* uv_tab_explore@2x.png */; };
		F09583361918D291009E2742 /* uv_tab_home@2x.png in Resources */ = {isa = PBXBuildFile; fileRef = F09583221918D291009E2742 /* uv_tab_home@2x.png */; };
		F09583371918D291009E2742 /* uv_tab_notifications@2x.png in Resources */ = {isa = PBXBuildFile; fileRef = F09583231918D291009E2742 /* uv_tab_notifications@2x.png */; };
		F09583381918D291009E2742 /* uv_tab_profile@2x.png in Resources */ = {isa = PBXBuildFile; fileRef = F09583241918D291009E2742 /* uv_tab_profile@2x.png */; };
		F09583581918D5A6009E2742 /* Images.xcassets in Resources */ = {isa = PBXBuildFile; fileRef = F09583571918D5A6009E2742 /* Images.xcassets */; };
		F0EFA1021918DED800E96E96 /* TabbarButton.m in Sources */ = {isa = PBXBuildFile; fileRef = F0EFA1011918DED800E96E96 /* TabbarButton.m */; };
/* End PBXBuildFile section */

/* Begin PBXFileReference section */
		F027BC45191CA71600254FD4 /* HomeViewController.h */ = {isa = PBXFileReference; fileEncoding = 4; lastKnownFileType = sourcecode.c.h; path = HomeViewController.h; sourceTree = "<group>"; };
		F027BC46191CA71600254FD4 /* HomeViewController.m */ = {isa = PBXFileReference; fileEncoding = 4; lastKnownFileType = sourcecode.c.objc; path = HomeViewController.m; sourceTree = "<group>"; };
		F027BC8C1920CA5500254FD4 /* PlusViewController.h */ = {isa = PBXFileReference; fileEncoding = 4; lastKnownFileType = sourcecode.c.h; path = PlusViewController.h; sourceTree = "<group>"; };
		F027BC8D1920CA5500254FD4 /* PlusViewController.m */ = {isa = PBXFileReference; fileEncoding = 4; lastKnownFileType = sourcecode.c.objc; path = PlusViewController.m; sourceTree = "<group>"; };
		F027BC8F1920CF2000254FD4 /* PlusView.h */ = {isa = PBXFileReference; fileEncoding = 4; lastKnownFileType = sourcecode.c.h; path = PlusView.h; sourceTree = "<group>"; };
		F027BC901920CF2000254FD4 /* PlusView.m */ = {isa = PBXFileReference; fileEncoding = 4; lastKnownFileType = sourcecode.c.objc; path = PlusView.m; sourceTree = "<group>"; };
		F027BC921921B0BC00254FD4 /* PlusButton.h */ = {isa = PBXFileReference; fileEncoding = 4; lastKnownFileType = sourcecode.c.h; path = PlusButton.h; sourceTree = "<group>"; };
		F027BC931921B0BC00254FD4 /* PlusButton.m */ = {isa = PBXFileReference; fileEncoding = 4; lastKnownFileType = sourcecode.c.objc; path = PlusButton.m; sourceTree = "<group>"; };
		F027BC961922151700254FD4 /* uv_createnav_camera@2x.png */ = {isa = PBXFileReference; lastKnownFileType = image.png; path = "uv_createnav_camera@2x.png"; sourceTree = "<group>"; };
		F027BC971922151700254FD4 /* uv_createnav_drafts@2x.png */ = {isa = PBXFileReference; lastKnownFileType = image.png; path = "uv_createnav_drafts@2x.png"; sourceTree = "<group>"; };
		F027BC981922151700254FD4 /* uv_createnav_import@2x.png */ = {isa = PBXFileReference; lastKnownFileType = image.png; path = "uv_createnav_import@2x.png"; sourceTree = "<group>"; };
		F027BC9D1923205600254FD4 /* uv_glyph_feed_logo_minimal@2x.png */ = {isa = PBXFileReference; lastKnownFileType = image.png; path = "uv_glyph_feed_logo_minimal@2x.png"; sourceTree = "<group>"; };
		F027BC9E1923205600254FD4 /* uv_logo@2x.png */ = {isa = PBXFileReference; lastKnownFileType = image.png; path = "uv_logo@2x.png"; sourceTree = "<group>"; };
		F027BC9F1923205600254FD4 /* uv_menu_feed@2x.png */ = {isa = PBXFileReference; lastKnownFileType = image.png; path = "uv_menu_feed@2x.png"; sourceTree = "<group>"; };
		F09581E7191617C0009E2742 /* SimUV.app */ = {isa = PBXFileReference; explicitFileType = wrapper.application; includeInIndex = 0; path = SimUV.app; sourceTree = BUILT_PRODUCTS_DIR; };
		F09581EA191617C0009E2742 /* Foundation.framework */ = {isa = PBXFileReference; lastKnownFileType = wrapper.framework; name = Foundation.framework; path = System/Library/Frameworks/Foundation.framework; sourceTree = SDKROOT; };
		F09581EC191617C0009E2742 /* CoreGraphics.framework */ = {isa = PBXFileReference; lastKnownFileType = wrapper.framework; name = CoreGraphics.framework; path = System/Library/Frameworks/CoreGraphics.framework; sourceTree = SDKROOT; };
		F09581EE191617C0009E2742 /* UIKit.framework */ = {isa = PBXFileReference; lastKnownFileType = wrapper.framework; name = UIKit.framework; path = System/Library/Frameworks/UIKit.framework; sourceTree = SDKROOT; };
		F09581F2191617C0009E2742 /* SimUV-Info.plist */ = {isa = PBXFileReference; lastKnownFileType = text.plist.xml; path = "SimUV-Info.plist"; sourceTree = "<group>"; };
		F09581F4191617C0009E2742 /* en */ = {isa = PBXFileReference; lastKnownFileType = text.plist.strings; name = en; path = en.lproj/InfoPlist.strings; sourceTree = "<group>"; };
		F09581F6191617C0009E2742 /* main.m */ = {isa = PBXFileReference; lastKnownFileType = sourcecode.c.objc; path = main.m; sourceTree = "<group>"; };
		F09581F8191617C0009E2742 /* SimUV-Prefix.pch */ = {isa = PBXFileReference; lastKnownFileType = sourcecode.c.h; path = "SimUV-Prefix.pch"; sourceTree = "<group>"; };
		F09581F9191617C0009E2742 /* AppDelegate.h */ = {isa = PBXFileReference; lastKnownFileType = sourcecode.c.h; path = AppDelegate.h; sourceTree = "<group>"; };
		F09581FA191617C0009E2742 /* AppDelegate.m */ = {isa = PBXFileReference; lastKnownFileType = sourcecode.c.objc; path = AppDelegate.m; sourceTree = "<group>"; };
		F09582E91918B843009E2742 /* MainViewController.h */ = {isa = PBXFileReference; fileEncoding = 4; lastKnownFileType = sourcecode.c.h; path = MainViewController.h; sourceTree = "<group>"; };
		F09582EA1918B843009E2742 /* MainViewController.m */ = {isa = PBXFileReference; fileEncoding = 4; lastKnownFileType = sourcecode.c.objc; path = MainViewController.m; sourceTree = "<group>"; };
		F095830A1918BCDF009E2742 /* TabbarView.h */ = {isa = PBXFileReference; fileEncoding = 4; lastKnownFileType = sourcecode.c.h; path = TabbarView.h; sourceTree = "<group>"; };
		F095830B1918BCDF009E2742 /* TabbarView.m */ = {isa = PBXFileReference; fileEncoding = 4; lastKnownFileType = sourcecode.c.objc; path = TabbarView.m; sourceTree = "<group>"; };
		F09583201918D291009E2742 /* uv_tab_create@2x.png */ = {isa = PBXFileReference; lastKnownFileType = image.png; path = "uv_tab_create@2x.png"; sourceTree = "<group>"; };
		F09583211918D291009E2742 /* uv_tab_explore@2x.png */ = {isa = PBXFileReference; lastKnownFileType = image.png; path = "uv_tab_explore@2x.png"; sourceTree = "<group>"; };
		F09583221918D291009E2742 /* uv_tab_home@2x.png */ = {isa = PBXFileReference; lastKnownFileType = image.png; path = "uv_tab_home@2x.png"; sourceTree = "<group>"; };
		F09583231918D291009E2742 /* uv_tab_notifications@2x.png */ = {isa = PBXFileReference; lastKnownFileType = image.png; path = "uv_tab_notifications@2x.png"; sourceTree = "<group>"; };
		F09583241918D291009E2742 /* uv_tab_profile@2x.png */ = {isa = PBXFileReference; lastKnownFileType = image.png; path = "uv_tab_profile@2x.png"; sourceTree = "<group>"; };
		F09583571918D5A6009E2742 /* Images.xcassets */ = {isa = PBXFileReference; lastKnownFileType = folder.assetcatalog; path = Images.xcassets; sourceTree = "<group>"; };
		F0EFA1001918DED800E96E96 /* TabbarButton.h */ = {isa = PBXFileReference; fileEncoding = 4; lastKnownFileType = sourcecode.c.h; path = TabbarButton.h; sourceTree = "<group>"; };
		F0EFA1011918DED800E96E96 /* TabbarButton.m */ = {isa = PBXFileReference; fileEncoding = 4; lastKnownFileType = sourcecode.c.objc; path = TabbarButton.m; sourceTree = "<group>"; };
/* End PBXFileReference section */

/* Begin PBXFrameworksBuildPhase section */
		F09581E4191617C0009E2742 /* Frameworks */ = {
			isa = PBXFrameworksBuildPhase;
			buildActionMask = 2147483647;
			files = (
				F09581ED191617C0009E2742 /* CoreGraphics.framework in Frameworks */,
				F09581EF191617C0009E2742 /* UIKit.framework in Frameworks */,
				F09581EB191617C0009E2742 /* Foundation.framework in Frameworks */,
			);
			runOnlyForDeploymentPostprocessing = 0;
		};
/* End PBXFrameworksBuildPhase section */

/* Begin PBXGroup section */
		F027BC48191CA72200254FD4 /* Tab */ = {
			isa = PBXGroup;
			children = (
				F095830A1918BCDF009E2742 /* TabbarView.h */,
				F095830B1918BCDF009E2742 /* TabbarView.m */,
				F0EFA1001918DED800E96E96 /* TabbarButton.h */,
				F0EFA1011918DED800E96E96 /* TabbarButton.m */,
			);
			name = Tab;
			sourceTree = "<group>";
		};
		F027BC951922151700254FD4 /* plus */ = {
			isa = PBXGroup;
			children = (
				F027BC961922151700254FD4 /* uv_createnav_camera@2x.png */,
				F027BC971922151700254FD4 /* uv_createnav_drafts@2x.png */,
				F027BC981922151700254FD4 /* uv_createnav_import@2x.png */,
			);
			path = plus;
			sourceTree = "<group>";
		};
		F027BC9C1923205600254FD4 /* logo */ = {
			isa = PBXGroup;
			children = (
				F027BC9D1923205600254FD4 /* uv_glyph_feed_logo_minimal@2x.png */,
				F027BC9E1923205600254FD4 /* uv_logo@2x.png */,
				F027BC9F1923205600254FD4 /* uv_menu_feed@2x.png */,
			);
			path = logo;
			sourceTree = "<group>";
		};
		F09581DE191617C0009E2742 = {
			isa = PBXGroup;
			children = (
				F09581F0191617C0009E2742 /* SimUV */,
				F09581F1191617C0009E2742 /* Supporting Files */,
				F095830D1918D291009E2742 /* resources */,
				F09581E9191617C0009E2742 /* Frameworks */,
				F09581E8191617C0009E2742 /* Products */,
			);
			sourceTree = "<group>";
		};
		F09581E8191617C0009E2742 /* Products */ = {
			isa = PBXGroup;
			children = (
				F09581E7191617C0009E2742 /* SimUV.app */,
			);
			name = Products;
			sourceTree = "<group>";
		};
		F09581E9191617C0009E2742 /* Frameworks */ = {
			isa = PBXGroup;
			children = (
				F09581EA191617C0009E2742 /* Foundation.framework */,
				F09581EC191617C0009E2742 /* CoreGraphics.framework */,
				F09581EE191617C0009E2742 /* UIKit.framework */,
			);
			name = Frameworks;
			sourceTree = "<group>";
		};
		F09581F0191617C0009E2742 /* SimUV */ = {
			isa = PBXGroup;
			children = (
				F027BC48191CA72200254FD4 /* Tab */,
				F0F9ED051925A74500020C8F /* Plus */,
				F09581F9191617C0009E2742 /* AppDelegate.h */,
				F09581FA191617C0009E2742 /* AppDelegate.m */,
				F09582E91918B843009E2742 /* MainViewController.h */,
				F09582EA1918B843009E2742 /* MainViewController.m */,
				F027BC45191CA71600254FD4 /* HomeViewController.h */,
				F027BC46191CA71600254FD4 /* HomeViewController.m */,
			);
			path = SimUV;
			sourceTree = "<group>";
		};
		F09581F1191617C0009E2742 /* Supporting Files */ = {
			isa = PBXGroup;
			children = (
				F09583571918D5A6009E2742 /* Images.xcassets */,
				F09581F2191617C0009E2742 /* SimUV-Info.plist */,
				F09581F3191617C0009E2742 /* InfoPlist.strings */,
				F09581F6191617C0009E2742 /* main.m */,
				F09581F8191617C0009E2742 /* SimUV-Prefix.pch */,
			);
			name = "Supporting Files";
			path = SimUV;
			sourceTree = "<group>";
		};
		F095830D1918D291009E2742 /* resources */ = {
			isa = PBXGroup;
			children = (
				F027BC9C1923205600254FD4 /* logo */,
				F027BC951922151700254FD4 /* plus */,
				F095831F1918D291009E2742 /* tabbar */,
			);
			name = resources;
			path = SimUV/resources;
			sourceTree = "<group>";
		};
		F095831F1918D291009E2742 /* tabbar */ = {
			isa = PBXGroup;
			children = (
				F09583201918D291009E2742 /* uv_tab_create@2x.png */,
				F09583211918D291009E2742 /* uv_tab_explore@2x.png */,
				F09583221918D291009E2742 /* uv_tab_home@2x.png */,
				F09583231918D291009E2742 /* uv_tab_notifications@2x.png */,
				F09583241918D291009E2742 /* uv_tab_profile@2x.png */,
			);
			path = tabbar;
			sourceTree = "<group>";
		};
		F0F9ED051925A74500020C8F /* Plus */ = {
			isa = PBXGroup;
			children = (
				F027BC8C1920CA5500254FD4 /* PlusViewController.h */,
				F027BC8D1920CA5500254FD4 /* PlusViewController.m */,
				F027BC8F1920CF2000254FD4 /* PlusView.h */,
				F027BC901920CF2000254FD4 /* PlusView.m */,
				F027BC921921B0BC00254FD4 /* PlusButton.h */,
				F027BC931921B0BC00254FD4 /* PlusButton.m */,
			);
			name = Plus;
			sourceTree = "<group>";
		};
/* End PBXGroup section */

/* Begin PBXNativeTarget section */
		F09581E6191617C0009E2742 /* SimUV */ = {
			isa = PBXNativeTarget;
			buildConfigurationList = F0958213191617C0009E2742 /* Build configuration list for PBXNativeTarget "SimUV" */;
			buildPhases = (
				F09581E3191617C0009E2742 /* Sources */,
				F09581E4191617C0009E2742 /* Frameworks */,
				F09581E5191617C0009E2742 /* Resources */,
			);
			buildRules = (
			);
			dependencies = (
			);
			name = SimUV;
			productName = SimUV;
			productReference = F09581E7191617C0009E2742 /* SimUV.app */;
			productType = "com.apple.product-type.application";
		};
/* End PBXNativeTarget section */

/* Begin PBXProject section */
		F09581DF191617C0009E2742 /* Project object */ = {
			isa = PBXProject;
			attributes = {
				LastUpgradeCheck = 0510;
				ORGANIZATIONNAME = "song jufeng";
			};
			buildConfigurationList = F09581E2191617C0009E2742 /* Build configuration list for PBXProject "SimUV" */;
			compatibilityVersion = "Xcode 3.2";
			developmentRegion = English;
			hasScannedForEncodings = 0;
			knownRegions = (
				en,
			);
			mainGroup = F09581DE191617C0009E2742;
			productRefGroup = F09581E8191617C0009E2742 /* Products */;
			projectDirPath = "";
			projectRoot = "";
			targets = (
				F09581E6191617C0009E2742 /* SimUV */,
			);
		};
/* End PBXProject section */

/* Begin PBXResourcesBuildPhase section */
		F09581E5191617C0009E2742 /* Resources */ = {
			isa = PBXResourcesBuildPhase;
			buildActionMask = 2147483647;
			files = (
				F09581F5191617C0009E2742 /* InfoPlist.strings in Resources */,
				F09583381918D291009E2742 /* uv_tab_profile@2x.png in Resources */,
				F027BC991922151700254FD4 /* uv_createnav_camera@2x.png in Resources */,
				F09583361918D291009E2742 /* uv_tab_home@2x.png in Resources */,
				F09583371918D291009E2742 /* uv_tab_notifications@2x.png in Resources */,
				F027BC9A1922151700254FD4 /* uv_createnav_drafts@2x.png in Resources */,
				F09583581918D5A6009E2742 /* Images.xcassets in Resources */,
				F027BCA21923205600254FD4 /* uv_menu_feed@2x.png in Resources */,
				F09583351918D291009E2742 /* uv_tab_explore@2x.png in Resources */,
				F027BCA01923205600254FD4 /* uv_glyph_feed_logo_minimal@2x.png in Resources */,
				F027BC9B1922151700254FD4 /* uv_createnav_import@2x.png in Resources */,
				F027BCA11923205600254FD4 /* uv_logo@2x.png in Resources */,
				F09583341918D291009E2742 /* uv_tab_create@2x.png in Resources */,
			);
			runOnlyForDeploymentPostprocessing = 0;
		};
/* End PBXResourcesBuildPhase section */

/* Begin PBXSourcesBuildPhase section */
		F09581E3191617C0009E2742 /* Sources */ = {
			isa = PBXSourcesBuildPhase;
			buildActionMask = 2147483647;
			files = (
				F09581FB191617C0009E2742 /* AppDelegate.m in Sources */,
				F027BC8E1920CA5500254FD4 /* PlusViewController.m in Sources */,
				F027BC941921B0BC00254FD4 /* PlusButton.m in Sources */,
				F09582EB1918B843009E2742 /* MainViewController.m in Sources */,
				F095830C1918BCDF009E2742 /* TabbarView.m in Sources */,
				F027BC911920CF2000254FD4 /* PlusView.m in Sources */,
				F09581F7191617C0009E2742 /* main.m in Sources */,
				F0EFA1021918DED800E96E96 /* TabbarButton.m in Sources */,
				F027BC47191CA71600254FD4 /* HomeViewController.m in Sources */,
			);
			runOnlyForDeploymentPostprocessing = 0;
		};
/* End PBXSourcesBuildPhase section */

/* Begin PBXVariantGroup section */
		F09581F3191617C0009E2742 /* InfoPlist.strings */ = {
			isa = PBXVariantGroup;
			children = (
				F09581F4191617C0009E2742 /* en */,
			);
			name = InfoPlist.strings;
			sourceTree = "<group>";
		};
/* End PBXVariantGroup section */

/* Begin XCBuildConfiguration section */
		F0958211191617C0009E2742 /* Debug */ = {
			isa = XCBuildConfiguration;
			buildSettings = {
				ALWAYS_SEARCH_USER_PATHS = NO;
				CLANG_CXX_LANGUAGE_STANDARD = "gnu++0x";
				CLANG_CXX_LIBRARY = "libc++";
				CLANG_ENABLE_MODULES = YES;
				CLANG_ENABLE_OBJC_ARC = YES;
				CLANG_WARN_BOOL_CONVERSION = YES;
				CLANG_WARN_CONSTANT_CONVERSION = YES;
				CLANG_WARN_DIRECT_OBJC_ISA_USAGE = YES_ERROR;
				CLANG_WARN_EMPTY_BODY = YES;
				CLANG_WARN_ENUM_CONVERSION = YES;
				CLANG_WARN_INT_CONVERSION = YES;
				CLANG_WARN_OBJC_ROOT_CLASS = YES_ERROR;
				CLANG_WARN__DUPLICATE_METHOD_MATCH = YES;
				"CODE_SIGN_IDENTITY[sdk=iphoneos*]" = "iPhone Developer";
				COPY_PHASE_STRIP = NO;
				GCC_C_LANGUAGE_STANDARD = gnu99;
				GCC_DYNAMIC_NO_PIC = NO;
				GCC_OPTIMIZATION_LEVEL = 0;
				GCC_PREPROCESSOR_DEFINITIONS = (
					"DEBUG=1",
					"$(inherited)",
				);
				GCC_SYMBOLS_PRIVATE_EXTERN = NO;
				GCC_WARN_64_TO_32_BIT_CONVERSION = YES;
				GCC_WARN_ABOUT_RETURN_TYPE = YES_ERROR;
				GCC_WARN_UNDECLARED_SELECTOR = YES;
				GCC_WARN_UNINITIALIZED_AUTOS = YES_AGGRESSIVE;
				GCC_WARN_UNUSED_FUNCTION = YES;
				GCC_WARN_UNUSED_VARIABLE = YES;
				IPHONEOS_DEPLOYMENT_TARGET = 7.0;
				ONLY_ACTIVE_ARCH = YES;
				SDKROOT = iphoneos;
			};
			name = Debug;
		};
		F0958212191617C0009E2742 /* Release */ = {
			isa = XCBuildConfiguration;
			buildSettings = {
				ALWAYS_SEARCH_USER_PATHS = NO;
				CLANG_CXX_LANGUAGE_STANDARD = "gnu++0x";
				CLANG_CXX_LIBRARY = "libc++";
				CLANG_ENABLE_MODULES = YES;
				CLANG_ENABLE_OBJC_ARC = YES;
				CLANG_WARN_BOOL_CONVERSION = YES;
				CLANG_WARN_CONSTANT_CONVERSION = YES;
				CLANG_WARN_DIRECT_OBJC_ISA_USAGE = YES_ERROR;
				CLANG_WARN_EMPTY_BODY = YES;
				CLANG_WARN_ENUM_CONVERSION = YES;
				CLANG_WARN_INT_CONVERSION = YES;
				CLANG_WARN_OBJC_ROOT_CLASS = YES_ERROR;
				CLANG_WARN__DUPLICATE_METHOD_MATCH = YES;
				"CODE_SIGN_IDENTITY[sdk=iphoneos*]" = "iPhone Developer";
				COPY_PHASE_STRIP = YES;
				ENABLE_NS_ASSERTIONS = NO;
				GCC_C_LANGUAGE_STANDARD = gnu99;
				GCC_WARN_64_TO_32_BIT_CONVERSION = YES;
				GCC_WARN_ABOUT_RETURN_TYPE = YES_ERROR;
				GCC_WARN_UNDECLARED_SELECTOR = YES;
				GCC_WARN_UNINITIALIZED_AUTOS = YES_AGGRESSIVE;
				GCC_WARN_UNUSED_FUNCTION = YES;
				GCC_WARN_UNUSED_VARIABLE = YES;
				IPHONEOS_DEPLOYMENT_TARGET = 7.0;
				SDKROOT = iphoneos;
				VALIDATE_PRODUCT = YES;
			};
			name = Release;
		};
		F0958214191617C0009E2742 /* Debug */ = {
			isa = XCBuildConfiguration;
			buildSettings = {
				ASSETCATALOG_COMPILER_APPICON_NAME = AppIcon;
				ASSETCATALOG_COMPILER_LAUNCHIMAGE_NAME = LaunchImage;
				GCC_PRECOMPILE_PREFIX_HEADER = YES;
				GCC_PREFIX_HEADER = "SimUV/SimUV-Prefix.pch";
				GCC_WARN_UNDECLARED_SELECTOR = NO;
				INFOPLIST_FILE = "SimUV/SimUV-Info.plist";
				IPHONEOS_DEPLOYMENT_TARGET = 7.0;
				PRODUCT_NAME = "$(TARGET_NAME)";
				PROVISIONING_PROFILE = "A7808F28-85D9-48E5-91E5-BE42CAC4557C";
				TARGETED_DEVICE_FAMILY = 1;
				WRAPPER_EXTENSION = app;
			};
			name = Debug;
		};
		F0958215191617C0009E2742 /* Release */ = {
			isa = XCBuildConfiguration;
			buildSettings = {
				ASSETCATALOG_COMPILER_APPICON_NAME = AppIcon;
				ASSETCATALOG_COMPILER_LAUNCHIMAGE_NAME = LaunchImage;
				GCC_PRECOMPILE_PREFIX_HEADER = YES;
				GCC_PREFIX_HEADER = "SimUV/SimUV-Prefix.pch";
				GCC_WARN_UNDECLARED_SELECTOR = NO;
				INFOPLIST_FILE = "SimUV/SimUV-Info.plist";
				IPHONEOS_DEPLOYMENT_TARGET = 7.0;
				PRODUCT_NAME = "$(TARGET_NAME)";
				PROVISIONING_PROFILE = "A7808F28-85D9-48E5-91E5-BE42CAC4557C";
				TARGETED_DEVICE_FAMILY = 1;
				WRAPPER_EXTENSION = app;
			};
			name = Release;
		};
/* End XCBuildConfiguration section */

/* Begin XCConfigurationList section */
		F09581E2191617C0009E2742 /* Build configuration list for PBXProject "SimUV" */ = {
			isa = XCConfigurationList;
			buildConfigurations = (
				F0958211191617C0009E2742 /* Debug */,
				F0958212191617C0009E2742 /* Release */,
			);
			defaultConfigurationIsVisible = 0;
			defaultConfigurationName = Release;
		};
		F0958213191617C0009E2742 /* Build configuration list for PBXNativeTarget "SimUV" */ = {
			isa = XCConfigurationList;
			buildConfigurations = (
				F0958214191617C0009E2742 /* Debug */,
				F0958215191617C0009E2742 /* Release */,
			);
			defaultConfigurationIsVisible = 0;
			defaultConfigurationName = Release;
		};
/* End XCConfigurationList section */
	};
	rootObject = F09581DF191617C0009E2742 /* Project object */;
}
