// !$*UTF8*$!
{
	archiveVersion = 1;
	classes = {
	};
	objectVersion = 46;
	objects = {

/* Begin PBXBuildFile section */
		F09581EB191617C0009E2742 /* Foundation.framework in Frameworks */ = {isa = PBXBuildFile; fileRef = F09581EA191617C0009E2742 /* Foundation.framework */; };
		F09581ED191617C0009E2742 /* CoreGraphics.framework in Frameworks */ = {isa = PBXBuildFile; fileRef = F09581EC191617C0009E2742 /* CoreGraphics.framework */; };
		F09581EF191617C0009E2742 /* UIKit.framework in Frameworks */ = {isa = PBXBuildFile; fileRef = F09581EE191617C0009E2742 /* UIKit.framework */; };
		F09581F5191617C0009E2742 /* InfoPlist.strings in Resources */ = {isa = PBXBuildFile; fileRef = F09581F3191617C0009E2742 /* InfoPlist.strings */; };
		F09581F7191617C0009E2742 /* main.m in Sources */ = {isa = PBXBuildFile; fileRef = F09581F6191617C0009E2742 /* main.m */; };
		F09581FB191617C0009E2742 /* AppDelegate.m in Sources */ = {isa = PBXBuildFile; fileRef = F09581FA191617C0009E2742 /* AppDelegate.m */; };
		F09581FD191617C0009E2742 /* Images.xcassets in Resources */ = {isa = PBXBuildFile; fileRef = F09581FC191617C0009E2742 /* Images.xcassets */; };
		F0958204191617C0009E2742 /* XCTest.framework in Frameworks */ = {isa = PBXBuildFile; fileRef = F0958203191617C0009E2742 /* XCTest.framework */; };
		F0958205191617C0009E2742 /* Foundation.framework in Frameworks */ = {isa = PBXBuildFile; fileRef = F09581EA191617C0009E2742 /* Foundation.framework */; };
		F0958206191617C0009E2742 /* UIKit.framework in Frameworks */ = {isa = PBXBuildFile; fileRef = F09581EE191617C0009E2742 /* UIKit.framework */; };
		F095820E191617C0009E2742 /* InfoPlist.strings in Resources */ = {isa = PBXBuildFile; fileRef = F095820C191617C0009E2742 /* InfoPlist.strings */; };
		F0958210191617C0009E2742 /* SimUVTests.m in Sources */ = {isa = PBXBuildFile; fileRef = F095820F191617C0009E2742 /* SimUVTests.m */; };
/* End PBXBuildFile section */

/* Begin PBXContainerItemProxy section */
		F0958207191617C0009E2742 /* PBXContainerItemProxy */ = {
			isa = PBXContainerItemProxy;
			containerPortal = F09581DF191617C0009E2742 /* Project object */;
			proxyType = 1;
			remoteGlobalIDString = F09581E6191617C0009E2742;
			remoteInfo = SimUV;
		};
/* End PBXContainerItemProxy section */

/* Begin PBXFileReference section */
		F09581E7191617C0009E2742 /* SimUV.app */ = {isa = PBXFileReference; explicitFileType = wrapper.application; includeInIndex = 0; path = SimUV.app; sourceTree = BUILT_PRODUCTS_DIR; };
		F09581EA191617C0009E2742 /* Foundation.framework */ = {isa = PBXFileReference; lastKnownFileType = wrapper.framework; name = Foundation.framework; path = System/Library/Frameworks/Foundation.framework; sourceTree = SDKROOT; };
		F09581EC191617C0009E2742 /* CoreGraphics.framework */ = {isa = PBXFileReference; lastKnownFileType = wrapper.framework; name = CoreGraphics.framework; path = System/Library/Frameworks/CoreGraphics.framework; sourceTree = SDKROOT; };
		F09581EE191617C0009E2742 /* UIKit.framework */ = {isa = PBXFileReference; lastKnownFileType = wrapper.framework; name = UIKit.framework; path = System/Library/Frameworks/UIKit.framework; sourceTree = SDKROOT; };
		F09581F2191617C0009E2742 /* SimUV-Info.plist */ = {isa = PBXFileReference; lastKnownFileType = text.plist.xml; path = "SimUV-Info.plist"; sourceTree = "<group>"; };
		F09581F4191617C0009E2742 /* en */ = {isa = PBXFileReference; lastKnownFileType = text.plist.strings; name = en; path = en.lproj/InfoPlist.strings; sourceTree = "<group>"; };
		F09581F6191617C0009E2742 /* main.m */ = {isa = PBXFileReference; lastKnownFileType = sourcecode.c.objc; path = main.m; sourceTree = "<group>"; };
		F09581F8191617C0009E2742 /* SimUV-Prefix.pch */ = {isa = PBXFileReference; lastKnownFileType = sourcecode.c.h; path = "SimUV-Prefix.pch"; sourceTree = "<group>"; };
		F09581F9191617C0009E2742 /* AppDelegate.h */ = {isa = PBXFileReference; lastKnownFileType = sourcecode.c.h; path = AppDelegate.h; sourceTree = "<group>"; };
		F09581FA191617C0009E2742 /* AppDelegate.m */ = {isa = PBXFileReference; lastKnownFileType = sourcecode.c.objc; path = AppDelegate.m; sourceTree = "<group>"; };
		F09581FC191617C0009E2742 /* Images.xcassets */ = {isa = PBXFileReference; lastKnownFileType = folder.assetcatalog; path = Images.xcassets; sourceTree = "<group>"; };
		F0958202191617C0009E2742 /* SimUVTests.xctest */ = {isa = PBXFileReference; explicitFileType = wrapper.cfbundle; includeInIndex = 0; path = SimUVTests.xctest; sourceTree = BUILT_PRODUCTS_DIR; };
		F0958203191617C0009E2742 /* XCTest.framework */ = {isa = PBXFileReference; lastKnownFileType = wrapper.framework; name = XCTest.framework; path = Library/Frameworks/XCTest.framework; sourceTree = DEVELOPER_DIR; };
		F095820B191617C0009E2742 /* SimUVTests-Info.plist */ = {isa = PBXFileReference; lastKnownFileType = text.plist.xml; path = "SimUVTests-Info.plist"; sourceTree = "<group>"; };
		F095820D191617C0009E2742 /* en */ = {isa = PBXFileReference; lastKnownFileType = text.plist.strings; name = en; path = en.lproj/InfoPlist.strings; sourceTree = "<group>"; };
		F095820F191617C0009E2742 /* SimUVTests.m */ = {isa = PBXFileReference; lastKnownFileType = sourcecode.c.objc; path = SimUVTests.m; sourceTree = "<group>"; };
/* End PBXFileReference section */

/* Begin PBXFrameworksBuildPhase section */
		F09581E4191617C0009E2742 /* Frameworks */ = {
			isa = PBXFrameworksBuildPhase;
			buildActionMask = 2147483647;
			files = (
				F09581ED191617C0009E2742 /* CoreGraphics.framework in Frameworks */,
				F09581EF191617C0009E2742 /* UIKit.framework in Frameworks */,
				F09581EB191617C0009E2742 /* Foundation.framework in Frameworks */,
			);
			runOnlyForDeploymentPostprocessing = 0;
		};
		F09581FF191617C0009E2742 /* Frameworks */ = {
			isa = PBXFrameworksBuildPhase;
			buildActionMask = 2147483647;
			files = (
				F0958204191617C0009E2742 /* XCTest.framework in Frameworks */,
				F0958206191617C0009E2742 /* UIKit.framework in Frameworks */,
				F0958205191617C0009E2742 /* Foundation.framework in Frameworks */,
			);
			runOnlyForDeploymentPostprocessing = 0;
		};
/* End PBXFrameworksBuildPhase section */

/* Begin PBXGroup section */
		F09581DE191617C0009E2742 = {
			isa = PBXGroup;
			children = (
				F09581F0191617C0009E2742 /* SimUV */,
				F0958209191617C0009E2742 /* SimUVTests */,
				F09581E9191617C0009E2742 /* Frameworks */,
				F09581E8191617C0009E2742 /* Products */,
			);
			sourceTree = "<group>";
		};
		F09581E8191617C0009E2742 /* Products */ = {
			isa = PBXGroup;
			children = (
				F09581E7191617C0009E2742 /* SimUV.app */,
				F0958202191617C0009E2742 /* SimUVTests.xctest */,
			);
			name = Products;
			sourceTree = "<group>";
		};
		F09581E9191617C0009E2742 /* Frameworks */ = {
			isa = PBXGroup;
			children = (
				F09581EA191617C0009E2742 /* Foundation.framework */,
				F09581EC191617C0009E2742 /* CoreGraphics.framework */,
				F09581EE191617C0009E2742 /* UIKit.framework */,
				F0958203191617C0009E2742 /* XCTest.framework */,
			);
			name = Frameworks;
			sourceTree = "<group>";
		};
		F09581F0191617C0009E2742 /* SimUV */ = {
			isa = PBXGroup;
			children = (
				F09581F9191617C0009E2742 /* AppDelegate.h */,
				F09581FA191617C0009E2742 /* AppDelegate.m */,
				F09581FC191617C0009E2742 /* Images.xcassets */,
				F09581F1191617C0009E2742 /* Supporting Files */,
			);
			path = SimUV;
			sourceTree = "<group>";
		};
		F09581F1191617C0009E2742 /* Supporting Files */ = {
			isa = PBXGroup;
			children = (
				F09581F2191617C0009E2742 /* SimUV-Info.plist */,
				F09581F3191617C0009E2742 /* InfoPlist.strings */,
				F09581F6191617C0009E2742 /* main.m */,
				F09581F8191617C0009E2742 /* SimUV-Prefix.pch */,
			);
			name = "Supporting Files";
			sourceTree = "<group>";
		};
		F0958209191617C0009E2742 /* SimUVTests */ = {
			isa = PBXGroup;
			children = (
				F095820F191617C0009E2742 /* SimUVTests.m */,
				F095820A191617C0009E2742 /* Supporting Files */,
			);
			path = SimUVTests;
			sourceTree = "<group>";
		};
		F095820A191617C0009E2742 /* Supporting Files */ = {
			isa = PBXGroup;
			children = (
				F095820B191617C0009E2742 /* SimUVTests-Info.plist */,
				F095820C191617C0009E2742 /* InfoPlist.strings */,
			);
			name = "Supporting Files";
			sourceTree = "<group>";
		};
/* End PBXGroup section */

/* Begin PBXNativeTarget section */
		F09581E6191617C0009E2742 /* SimUV */ = {
			isa = PBXNativeTarget;
			buildConfigurationList = F0958213191617C0009E2742 /* Build configuration list for PBXNativeTarget "SimUV" */;
			buildPhases = (
				F09581E3191617C0009E2742 /* Sources */,
				F09581E4191617C0009E2742 /* Frameworks */,
				F09581E5191617C0009E2742 /* Resources */,
			);
			buildRules = (
			);
			dependencies = (
			);
			name = SimUV;
			productName = SimUV;
			productReference = F09581E7191617C0009E2742 /* SimUV.app */;
			productType = "com.apple.product-type.application";
		};
		F0958201191617C0009E2742 /* SimUVTests */ = {
			isa = PBXNativeTarget;
			buildConfigurationList = F0958216191617C0009E2742 /* Build configuration list for PBXNativeTarget "SimUVTests" */;
			buildPhases = (
				F09581FE191617C0009E2742 /* Sources */,
				F09581FF191617C0009E2742 /* Frameworks */,
				F0958200191617C0009E2742 /* Resources */,
			);
			buildRules = (
			);
			dependencies = (
				F0958208191617C0009E2742 /* PBXTargetDependency */,
			);
			name = SimUVTests;
			productName = SimUVTests;
			productReference = F0958202191617C0009E2742 /* SimUVTests.xctest */;
			productType = "com.apple.product-type.bundle.unit-test";
		};
/* End PBXNativeTarget section */

/* Begin PBXProject section */
		F09581DF191617C0009E2742 /* Project object */ = {
			isa = PBXProject;
			attributes = {
				LastUpgradeCheck = 0510;
				ORGANIZATIONNAME = "song jufeng";
				TargetAttributes = {
					F0958201191617C0009E2742 = {
						TestTargetID = F09581E6191617C0009E2742;
					};
				};
			};
			buildConfigurationList = F09581E2191617C0009E2742 /* Build configuration list for PBXProject "SimUV" */;
			compatibilityVersion = "Xcode 3.2";
			developmentRegion = English;
			hasScannedForEncodings = 0;
			knownRegions = (
				en,
			);
			mainGroup = F09581DE191617C0009E2742;
			productRefGroup = F09581E8191617C0009E2742 /* Products */;
			projectDirPath = "";
			projectRoot = "";
			targets = (
				F09581E6191617C0009E2742 /* SimUV */,
				F0958201191617C0009E2742 /* SimUVTests */,
			);
		};
/* End PBXProject section */

/* Begin PBXResourcesBuildPhase section */
		F09581E5191617C0009E2742 /* Resources */ = {
			isa = PBXResourcesBuildPhase;
			buildActionMask = 2147483647;
			files = (
				F09581F5191617C0009E2742 /* InfoPlist.strings in Resources */,
				F09581FD191617C0009E2742 /* Images.xcassets in Resources */,
			);
			runOnlyForDeploymentPostprocessing = 0;
		};
		F0958200191617C0009E2742 /* Resources */ = {
			isa = PBXResourcesBuildPhase;
			buildActionMask = 2147483647;
			files = (
				F095820E191617C0009E2742 /* InfoPlist.strings in Resources */,
			);
			runOnlyForDeploymentPostprocessing = 0;
		};
/* End PBXResourcesBuildPhase section */

/* Begin PBXSourcesBuildPhase section */
		F09581E3191617C0009E2742 /* Sources */ = {
			isa = PBXSourcesBuildPhase;
			buildActionMask = 2147483647;
			files = (
				F09581FB191617C0009E2742 /* AppDelegate.m in Sources */,
				F09581F7191617C0009E2742 /* main.m in Sources */,
			);
			runOnlyForDeploymentPostprocessing = 0;
		};
		F09581FE191617C0009E2742 /* Sources */ = {
			isa = PBXSourcesBuildPhase;
			buildActionMask = 2147483647;
			files = (
				F0958210191617C0009E2742 /* SimUVTests.m in Sources */,
			);
			runOnlyForDeploymentPostprocessing = 0;
		};
/* End PBXSourcesBuildPhase section */

/* Begin PBXTargetDependency section */
		F0958208191617C0009E2742 /* PBXTargetDependency */ = {
			isa = PBXTargetDependency;
			target = F09581E6191617C0009E2742 /* SimUV */;
			targetProxy = F0958207191617C0009E2742 /* PBXContainerItemProxy */;
		};
/* End PBXTargetDependency section */

/* Begin PBXVariantGroup section */
		F09581F3191617C0009E2742 /* InfoPlist.strings */ = {
			isa = PBXVariantGroup;
			children = (
				F09581F4191617C0009E2742 /* en */,
			);
			name = InfoPlist.strings;
			sourceTree = "<group>";
		};
		F095820C191617C0009E2742 /* InfoPlist.strings */ = {
			isa = PBXVariantGroup;
			children = (
				F095820D191617C0009E2742 /* en */,
			);
			name = InfoPlist.strings;
			sourceTree = "<group>";
		};
/* End PBXVariantGroup section */

/* Begin XCBuildConfiguration section */
		F0958211191617C0009E2742 /* Debug */ = {
			isa = XCBuildConfiguration;
			buildSettings = {
				ALWAYS_SEARCH_USER_PATHS = NO;
				CLANG_CXX_LANGUAGE_STANDARD = "gnu++0x";
				CLANG_CXX_LIBRARY = "libc++";
				CLANG_ENABLE_MODULES = YES;
				CLANG_ENABLE_OBJC_ARC = YES;
				CLANG_WARN_BOOL_CONVERSION = YES;
				CLANG_WARN_CONSTANT_CONVERSION = YES;
				CLANG_WARN_DIRECT_OBJC_ISA_USAGE = YES_ERROR;
				CLANG_WARN_EMPTY_BODY = YES;
				CLANG_WARN_ENUM_CONVERSION = YES;
				CLANG_WARN_INT_CONVERSION = YES;
				CLANG_WARN_OBJC_ROOT_CLASS = YES_ERROR;
				CLANG_WARN__DUPLICATE_METHOD_MATCH = YES;
				"CODE_SIGN_IDENTITY[sdk=iphoneos*]" = "iPhone Developer";
				COPY_PHASE_STRIP = NO;
				GCC_C_LANGUAGE_STANDARD = gnu99;
				GCC_DYNAMIC_NO_PIC = NO;
				GCC_OPTIMIZATION_LEVEL = 0;
				GCC_PREPROCESSOR_DEFINITIONS = (
					"DEBUG=1",
					"$(inherited)",
				);
				GCC_SYMBOLS_PRIVATE_EXTERN = NO;
				GCC_WARN_64_TO_32_BIT_CONVERSION = YES;
				GCC_WARN_ABOUT_RETURN_TYPE = YES_ERROR;
				GCC_WARN_UNDECLARED_SELECTOR = YES;
				GCC_WARN_UNINITIALIZED_AUTOS = YES_AGGRESSIVE;
				GCC_WARN_UNUSED_FUNCTION = YES;
				GCC_WARN_UNUSED_VARIABLE = YES;
				IPHONEOS_DEPLOYMENT_TARGET = 7.1;
				ONLY_ACTIVE_ARCH = YES;
				SDKROOT = iphoneos;
			};
			name = Debug;
		};
		F0958212191617C0009E2742 /* Release */ = {
			isa = XCBuildConfiguration;
			buildSettings = {
				ALWAYS_SEARCH_USER_PATHS = NO;
				CLANG_CXX_LANGUAGE_STANDARD = "gnu++0x";
				CLANG_CXX_LIBRARY = "libc++";
				CLANG_ENABLE_MODULES = YES;
				CLANG_ENABLE_OBJC_ARC = YES;
				CLANG_WARN_BOOL_CONVERSION = YES;
				CLANG_WARN_CONSTANT_CONVERSION = YES;
				CLANG_WARN_DIRECT_OBJC_ISA_USAGE = YES_ERROR;
				CLANG_WARN_EMPTY_BODY = YES;
				CLANG_WARN_ENUM_CONVERSION = YES;
				CLANG_WARN_INT_CONVERSION = YES;
				CLANG_WARN_OBJC_ROOT_CLASS = YES_ERROR;
				CLANG_WARN__DUPLICATE_METHOD_MATCH = YES;
				"CODE_SIGN_IDENTITY[sdk=iphoneos*]" = "iPhone Developer";
				COPY_PHASE_STRIP = YES;
				ENABLE_NS_ASSERTIONS = NO;
				GCC_C_LANGUAGE_STANDARD = gnu99;
				GCC_WARN_64_TO_32_BIT_CONVERSION = YES;
				GCC_WARN_ABOUT_RETURN_TYPE = YES_ERROR;
				GCC_WARN_UNDECLARED_SELECTOR = YES;
				GCC_WARN_UNINITIALIZED_AUTOS = YES_AGGRESSIVE;
				GCC_WARN_UNUSED_FUNCTION = YES;
				GCC_WARN_UNUSED_VARIABLE = YES;
				IPHONEOS_DEPLOYMENT_TARGET = 7.1;
				SDKROOT = iphoneos;
				VALIDATE_PRODUCT = YES;
			};
			name = Release;
		};
		F0958214191617C0009E2742 /* Debug */ = {
			isa = XCBuildConfiguration;
			buildSettings = {
				ASSETCATALOG_COMPILER_APPICON_NAME = AppIcon;
				ASSETCATALOG_COMPILER_LAUNCHIMAGE_NAME = LaunchImage;
				GCC_PRECOMPILE_PREFIX_HEADER = YES;
				GCC_PREFIX_HEADER = "SimUV/SimUV-Prefix.pch";
				INFOPLIST_FILE = "SimUV/SimUV-Info.plist";
				PRODUCT_NAME = "$(TARGET_NAME)";
				WRAPPER_EXTENSION = app;
			};
			name = Debug;
		};
		F0958215191617C0009E2742 /* Release */ = {
			isa = XCBuildConfiguration;
			buildSettings = {
				ASSETCATALOG_COMPILER_APPICON_NAME = AppIcon;
				ASSETCATALOG_COMPILER_LAUNCHIMAGE_NAME = LaunchImage;
				GCC_PRECOMPILE_PREFIX_HEADER = YES;
				GCC_PREFIX_HEADER = "SimUV/SimUV-Prefix.pch";
				INFOPLIST_FILE = "SimUV/SimUV-Info.plist";
				PRODUCT_NAME = "$(TARGET_NAME)";
				WRAPPER_EXTENSION = app;
			};
			name = Release;
		};
		F0958217191617C0009E2742 /* Debug */ = {
			isa = XCBuildConfiguration;
			buildSettings = {
				BUNDLE_LOADER = "$(BUILT_PRODUCTS_DIR)/SimUV.app/SimUV";
				FRAMEWORK_SEARCH_PATHS = (
					"$(SDKROOT)/Developer/Library/Frameworks",
					"$(inherited)",
					"$(DEVELOPER_FRAMEWORKS_DIR)",
				);
				GCC_PRECOMPILE_PREFIX_HEADER = YES;
				GCC_PREFIX_HEADER = "SimUV/SimUV-Prefix.pch";
				GCC_PREPROCESSOR_DEFINITIONS = (
					"DEBUG=1",
					"$(inherited)",
				);
				INFOPLIST_FILE = "SimUVTests/SimUVTests-Info.plist";
				PRODUCT_NAME = "$(TARGET_NAME)";
				TEST_HOST = "$(BUNDLE_LOADER)";
				WRAPPER_EXTENSION = xctest;
			};
			name = Debug;
		};
		F0958218191617C0009E2742 /* Release */ = {
			isa = XCBuildConfiguration;
			buildSettings = {
				BUNDLE_LOADER = "$(BUILT_PRODUCTS_DIR)/SimUV.app/SimUV";
				FRAMEWORK_SEARCH_PATHS = (
					"$(SDKROOT)/Developer/Library/Frameworks",
					"$(inherited)",
					"$(DEVELOPER_FRAMEWORKS_DIR)",
				);
				GCC_PRECOMPILE_PREFIX_HEADER = YES;
				GCC_PREFIX_HEADER = "SimUV/SimUV-Prefix.pch";
				INFOPLIST_FILE = "SimUVTests/SimUVTests-Info.plist";
				PRODUCT_NAME = "$(TARGET_NAME)";
				TEST_HOST = "$(BUNDLE_LOADER)";
				WRAPPER_EXTENSION = xctest;
			};
			name = Release;
		};
/* End XCBuildConfiguration section */

/* Begin XCConfigurationList section */
		F09581E2191617C0009E2742 /* Build configuration list for PBXProject "SimUV" */ = {
			isa = XCConfigurationList;
			buildConfigurations = (
				F0958211191617C0009E2742 /* Debug */,
				F0958212191617C0009E2742 /* Release */,
			);
			defaultConfigurationIsVisible = 0;
			defaultConfigurationName = Release;
		};
		F0958213191617C0009E2742 /* Build configuration list for PBXNativeTarget "SimUV" */ = {
			isa = XCConfigurationList;
			buildConfigurations = (
				F0958214191617C0009E2742 /* Debug */,
				F0958215191617C0009E2742 /* Release */,
			);
			defaultConfigurationIsVisible = 0;
		};
		F0958216191617C0009E2742 /* Build configuration list for PBXNativeTarget "SimUVTests" */ = {
			isa = XCConfigurationList;
			buildConfigurations = (
				F0958217191617C0009E2742 /* Debug */,
				F0958218191617C0009E2742 /* Release */,
			);
			defaultConfigurationIsVisible = 0;
		};
/* End XCConfigurationList section */
	};
	rootObject = F09581DF191617C0009E2742 /* Project object */;
}
